// !$*UTF8*$!
{
	archiveVersion = 1;
	classes = {
	};
	objectVersion = 46;
	objects = {

/* Begin PBXBuildFile section */
		9E98F2A019E46430001282F9 /* Bolts.framework in Frameworks */ = {isa = PBXBuildFile; fileRef = 9E98F29E19E46430001282F9 /* Bolts.framework */; };
		9E98F2A119E46430001282F9 /* Parse.framework in Frameworks */ = {isa = PBXBuildFile; fileRef = 9E98F29F19E46430001282F9 /* Parse.framework */; };
		9E98F2A319E46466001282F9 /* AudioToolbox.framework in Frameworks */ = {isa = PBXBuildFile; fileRef = 9E98F2A219E46466001282F9 /* AudioToolbox.framework */; };
		9E98F2A519E4646F001282F9 /* CFNetwork.framework in Frameworks */ = {isa = PBXBuildFile; fileRef = 9E98F2A419E4646F001282F9 /* CFNetwork.framework */; };
		9E98F2A719E46480001282F9 /* CoreLocation.framework in Frameworks */ = {isa = PBXBuildFile; fileRef = 9E98F2A619E46480001282F9 /* CoreLocation.framework */; };
		9E98F2A919E4648E001282F9 /* libz.dylib in Frameworks */ = {isa = PBXBuildFile; fileRef = 9E98F2A819E4648E001282F9 /* libz.dylib */; };
		9E98F2AB19E46499001282F9 /* MobileCoreServices.framework in Frameworks */ = {isa = PBXBuildFile; fileRef = 9E98F2AA19E46499001282F9 /* MobileCoreServices.framework */; };
		9E98F2AD19E464A4001282F9 /* QuartzCore.framework in Frameworks */ = {isa = PBXBuildFile; fileRef = 9E98F2AC19E464A4001282F9 /* QuartzCore.framework */; };
		9E98F2AF19E464AE001282F9 /* Security.framework in Frameworks */ = {isa = PBXBuildFile; fileRef = 9E98F2AE19E464AE001282F9 /* Security.framework */; };
		9E98F2B119E464B8001282F9 /* StoreKit.framework in Frameworks */ = {isa = PBXBuildFile; fileRef = 9E98F2B019E464B8001282F9 /* StoreKit.framework */; };
		9E98F2B319E464C3001282F9 /* SystemConfiguration.framework in Frameworks */ = {isa = PBXBuildFile; fileRef = 9E98F2B219E464C3001282F9 /* SystemConfiguration.framework */; };
		9EAA21D319D0BF9E0089D7D7 /* Foundation.framework in Frameworks */ = {isa = PBXBuildFile; fileRef = 9EAA21D219D0BF9E0089D7D7 /* Foundation.framework */; };
		9EAA21D519D0BF9E0089D7D7 /* CoreGraphics.framework in Frameworks */ = {isa = PBXBuildFile; fileRef = 9EAA21D419D0BF9E0089D7D7 /* CoreGraphics.framework */; };
		9EAA21D719D0BF9E0089D7D7 /* UIKit.framework in Frameworks */ = {isa = PBXBuildFile; fileRef = 9EAA21D619D0BF9E0089D7D7 /* UIKit.framework */; };
		9EAA21DD19D0BF9E0089D7D7 /* InfoPlist.strings in Resources */ = {isa = PBXBuildFile; fileRef = 9EAA21DB19D0BF9E0089D7D7 /* InfoPlist.strings */; };
		9EAA21DF19D0BF9E0089D7D7 /* main.m in Sources */ = {isa = PBXBuildFile; fileRef = 9EAA21DE19D0BF9E0089D7D7 /* main.m */; };
		9EAA21E319D0BF9E0089D7D7 /* GVAppDelegate.m in Sources */ = {isa = PBXBuildFile; fileRef = 9EAA21E219D0BF9E0089D7D7 /* GVAppDelegate.m */; };
		9EAA21E619D0BF9E0089D7D7 /* Main.storyboard in Resources */ = {isa = PBXBuildFile; fileRef = 9EAA21E419D0BF9E0089D7D7 /* Main.storyboard */; };
		9EAA21E919D0BF9E0089D7D7 /* GVViewController.m in Sources */ = {isa = PBXBuildFile; fileRef = 9EAA21E819D0BF9E0089D7D7 /* GVViewController.m */; };
		9EAA21EB19D0BF9E0089D7D7 /* Images.xcassets in Resources */ = {isa = PBXBuildFile; fileRef = 9EAA21EA19D0BF9E0089D7D7 /* Images.xcassets */; };
		9EAA21F219D0BF9E0089D7D7 /* XCTest.framework in Frameworks */ = {isa = PBXBuildFile; fileRef = 9EAA21F119D0BF9E0089D7D7 /* XCTest.framework */; };
		9EAA21F319D0BF9E0089D7D7 /* Foundation.framework in Frameworks */ = {isa = PBXBuildFile; fileRef = 9EAA21D219D0BF9E0089D7D7 /* Foundation.framework */; };
		9EAA21F419D0BF9E0089D7D7 /* UIKit.framework in Frameworks */ = {isa = PBXBuildFile; fileRef = 9EAA21D619D0BF9E0089D7D7 /* UIKit.framework */; };
		9EAA21FC19D0BF9E0089D7D7 /* InfoPlist.strings in Resources */ = {isa = PBXBuildFile; fileRef = 9EAA21FA19D0BF9E0089D7D7 /* InfoPlist.strings */; };
		9EAA21FE19D0BF9E0089D7D7 /* DevAgent2Tests.m in Sources */ = {isa = PBXBuildFile; fileRef = 9EAA21FD19D0BF9E0089D7D7 /* DevAgent2Tests.m */; };
		9EAA229E19D3658D0089D7D7 /* GVHTTPCommunication.m in Sources */ = {isa = PBXBuildFile; fileRef = 9EAA229D19D3658D0089D7D7 /* GVHTTPCommunication.m */; };
/* End PBXBuildFile section */

/* Begin PBXContainerItemProxy section */
		9EAA21F519D0BF9E0089D7D7 /* PBXContainerItemProxy */ = {
			isa = PBXContainerItemProxy;
			containerPortal = 9EAA21C719D0BF9E0089D7D7 /* Project object */;
			proxyType = 1;
			remoteGlobalIDString = 9EAA21CE19D0BF9E0089D7D7;
			remoteInfo = DevAgent2;
		};
/* End PBXContainerItemProxy section */

/* Begin PBXFileReference section */
		9E98F29E19E46430001282F9 /* Bolts.framework */ = {isa = PBXFileReference; lastKnownFileType = wrapper.framework; path = Bolts.framework; sourceTree = "<group>"; };
		9E98F29F19E46430001282F9 /* Parse.framework */ = {isa = PBXFileReference; lastKnownFileType = wrapper.framework; path = Parse.framework; sourceTree = "<group>"; };
		9E98F2A219E46466001282F9 /* AudioToolbox.framework */ = {isa = PBXFileReference; lastKnownFileType = wrapper.framework; name = AudioToolbox.framework; path = System/Library/Frameworks/AudioToolbox.framework; sourceTree = SDKROOT; };
		9E98F2A419E4646F001282F9 /* CFNetwork.framework */ = {isa = PBXFileReference; lastKnownFileType = wrapper.framework; name = CFNetwork.framework; path = System/Library/Frameworks/CFNetwork.framework; sourceTree = SDKROOT; };
		9E98F2A619E46480001282F9 /* CoreLocation.framework */ = {isa = PBXFileReference; lastKnownFileType = wrapper.framework; name = CoreLocation.framework; path = System/Library/Frameworks/CoreLocation.framework; sourceTree = SDKROOT; };
		9E98F2A819E4648E001282F9 /* libz.dylib */ = {isa = PBXFileReference; lastKnownFileType = "compiled.mach-o.dylib"; name = libz.dylib; path = usr/lib/libz.dylib; sourceTree = SDKROOT; };
		9E98F2AA19E46499001282F9 /* MobileCoreServices.framework */ = {isa = PBXFileReference; lastKnownFileType = wrapper.framework; name = MobileCoreServices.framework; path = System/Library/Frameworks/MobileCoreServices.framework; sourceTree = SDKROOT; };
		9E98F2AC19E464A4001282F9 /* QuartzCore.framework */ = {isa = PBXFileReference; lastKnownFileType = wrapper.framework; name = QuartzCore.framework; path = System/Library/Frameworks/QuartzCore.framework; sourceTree = SDKROOT; };
		9E98F2AE19E464AE001282F9 /* Security.framework */ = {isa = PBXFileReference; lastKnownFileType = wrapper.framework; name = Security.framework; path = System/Library/Frameworks/Security.framework; sourceTree = SDKROOT; };
		9E98F2B019E464B8001282F9 /* StoreKit.framework */ = {isa = PBXFileReference; lastKnownFileType = wrapper.framework; name = StoreKit.framework; path = System/Library/Frameworks/StoreKit.framework; sourceTree = SDKROOT; };
		9E98F2B219E464C3001282F9 /* SystemConfiguration.framework */ = {isa = PBXFileReference; lastKnownFileType = wrapper.framework; name = SystemConfiguration.framework; path = System/Library/Frameworks/SystemConfiguration.framework; sourceTree = SDKROOT; };
		9EAA21CF19D0BF9E0089D7D7 /* DevAgent.app */ = {isa = PBXFileReference; explicitFileType = wrapper.application; includeInIndex = 0; path = DevAgent.app; sourceTree = BUILT_PRODUCTS_DIR; };
		9EAA21D219D0BF9E0089D7D7 /* Foundation.framework */ = {isa = PBXFileReference; lastKnownFileType = wrapper.framework; name = Foundation.framework; path = System/Library/Frameworks/Foundation.framework; sourceTree = SDKROOT; };
		9EAA21D419D0BF9E0089D7D7 /* CoreGraphics.framework */ = {isa = PBXFileReference; lastKnownFileType = wrapper.framework; name = CoreGraphics.framework; path = System/Library/Frameworks/CoreGraphics.framework; sourceTree = SDKROOT; };
		9EAA21D619D0BF9E0089D7D7 /* UIKit.framework */ = {isa = PBXFileReference; lastKnownFileType = wrapper.framework; name = UIKit.framework; path = System/Library/Frameworks/UIKit.framework; sourceTree = SDKROOT; };
		9EAA21DA19D0BF9E0089D7D7 /* DevAgent-Info.plist */ = {isa = PBXFileReference; lastKnownFileType = text.plist.xml; path = "DevAgent-Info.plist"; sourceTree = "<group>"; };
		9EAA21DC19D0BF9E0089D7D7 /* en */ = {isa = PBXFileReference; lastKnownFileType = text.plist.strings; name = en; path = en.lproj/InfoPlist.strings; sourceTree = "<group>"; };
		9EAA21DE19D0BF9E0089D7D7 /* main.m */ = {isa = PBXFileReference; lastKnownFileType = sourcecode.c.objc; path = main.m; sourceTree = "<group>"; };
		9EAA21E019D0BF9E0089D7D7 /* DevAgent-Prefix.pch */ = {isa = PBXFileReference; lastKnownFileType = sourcecode.c.h; path = "DevAgent-Prefix.pch"; sourceTree = "<group>"; };
		9EAA21E119D0BF9E0089D7D7 /* GVAppDelegate.h */ = {isa = PBXFileReference; lastKnownFileType = sourcecode.c.h; path = GVAppDelegate.h; sourceTree = "<group>"; };
		9EAA21E219D0BF9E0089D7D7 /* GVAppDelegate.m */ = {isa = PBXFileReference; lastKnownFileType = sourcecode.c.objc; path = GVAppDelegate.m; sourceTree = "<group>"; };
		9EAA21E519D0BF9E0089D7D7 /* Base */ = {isa = PBXFileReference; lastKnownFileType = file.storyboard; name = Base; path = Base.lproj/Main.storyboard; sourceTree = "<group>"; };
		9EAA21E719D0BF9E0089D7D7 /* GVViewController.h */ = {isa = PBXFileReference; lastKnownFileType = sourcecode.c.h; path = GVViewController.h; sourceTree = "<group>"; };
		9EAA21E819D0BF9E0089D7D7 /* GVViewController.m */ = {isa = PBXFileReference; lastKnownFileType = sourcecode.c.objc; path = GVViewController.m; sourceTree = "<group>"; };
		9EAA21EA19D0BF9E0089D7D7 /* Images.xcassets */ = {isa = PBXFileReference; lastKnownFileType = folder.assetcatalog; path = Images.xcassets; sourceTree = "<group>"; };
		9EAA21F019D0BF9E0089D7D7 /* DevAgentTests.xctest */ = {isa = PBXFileReference; explicitFileType = wrapper.cfbundle; includeInIndex = 0; path = DevAgentTests.xctest; sourceTree = BUILT_PRODUCTS_DIR; };
		9EAA21F119D0BF9E0089D7D7 /* XCTest.framework */ = {isa = PBXFileReference; lastKnownFileType = wrapper.framework; name = XCTest.framework; path = Library/Frameworks/XCTest.framework; sourceTree = DEVELOPER_DIR; };
		9EAA21F919D0BF9E0089D7D7 /* DevAgentTests-Info.plist */ = {isa = PBXFileReference; lastKnownFileType = text.plist.xml; path = "DevAgentTests-Info.plist"; sourceTree = "<group>"; };
		9EAA21FB19D0BF9E0089D7D7 /* en */ = {isa = PBXFileReference; lastKnownFileType = text.plist.strings; name = en; path = en.lproj/InfoPlist.strings; sourceTree = "<group>"; };
		9EAA21FD19D0BF9E0089D7D7 /* DevAgent2Tests.m */ = {isa = PBXFileReference; lastKnownFileType = sourcecode.c.objc; path = DevAgent2Tests.m; sourceTree = "<group>"; };
		9EAA229C19D3658D0089D7D7 /* GVHTTPCommunication.h */ = {isa = PBXFileReference; fileEncoding = 4; lastKnownFileType = sourcecode.c.h; path = GVHTTPCommunication.h; sourceTree = "<group>"; };
		9EAA229D19D3658D0089D7D7 /* GVHTTPCommunication.m */ = {isa = PBXFileReference; fileEncoding = 4; lastKnownFileType = sourcecode.c.objc; path = GVHTTPCommunication.m; sourceTree = "<group>"; };
/* End PBXFileReference section */

/* Begin PBXFrameworksBuildPhase section */
		9EAA21CC19D0BF9E0089D7D7 /* Frameworks */ = {
			isa = PBXFrameworksBuildPhase;
			buildActionMask = 2147483647;
			files = (
				9E98F2B319E464C3001282F9 /* SystemConfiguration.framework in Frameworks */,
				9E98F2B119E464B8001282F9 /* StoreKit.framework in Frameworks */,
				9E98F2AF19E464AE001282F9 /* Security.framework in Frameworks */,
				9E98F2AD19E464A4001282F9 /* QuartzCore.framework in Frameworks */,
				9E98F2AB19E46499001282F9 /* MobileCoreServices.framework in Frameworks */,
				9E98F2A919E4648E001282F9 /* libz.dylib in Frameworks */,
				9E98F2A719E46480001282F9 /* CoreLocation.framework in Frameworks */,
				9E98F2A519E4646F001282F9 /* CFNetwork.framework in Frameworks */,
				9E98F2A319E46466001282F9 /* AudioToolbox.framework in Frameworks */,
				9EAA21D519D0BF9E0089D7D7 /* CoreGraphics.framework in Frameworks */,
				9EAA21D719D0BF9E0089D7D7 /* UIKit.framework in Frameworks */,
				9EAA21D319D0BF9E0089D7D7 /* Foundation.framework in Frameworks */,
				9E98F2A019E46430001282F9 /* Bolts.framework in Frameworks */,
				9E98F2A119E46430001282F9 /* Parse.framework in Frameworks */,
			);
			runOnlyForDeploymentPostprocessing = 0;
		};
		9EAA21ED19D0BF9E0089D7D7 /* Frameworks */ = {
			isa = PBXFrameworksBuildPhase;
			buildActionMask = 2147483647;
			files = (
				9EAA21F219D0BF9E0089D7D7 /* XCTest.framework in Frameworks */,
				9EAA21F419D0BF9E0089D7D7 /* UIKit.framework in Frameworks */,
				9EAA21F319D0BF9E0089D7D7 /* Foundation.framework in Frameworks */,
			);
			runOnlyForDeploymentPostprocessing = 0;
		};
/* End PBXFrameworksBuildPhase section */

/* Begin PBXGroup section */
		9EAA21C619D0BF9E0089D7D7 = {
			isa = PBXGroup;
			children = (
				9EAA21D819D0BF9E0089D7D7 /* DevAgent */,
				9EAA21F719D0BF9E0089D7D7 /* DevAgent2Tests */,
				9EAA21D119D0BF9E0089D7D7 /* Frameworks */,
				9EAA21D019D0BF9E0089D7D7 /* Products */,
			);
			sourceTree = "<group>";
		};
		9EAA21D019D0BF9E0089D7D7 /* Products */ = {
			isa = PBXGroup;
			children = (
				9EAA21CF19D0BF9E0089D7D7 /* DevAgent.app */,
				9EAA21F019D0BF9E0089D7D7 /* DevAgentTests.xctest */,
			);
			name = Products;
			sourceTree = "<group>";
		};
		9EAA21D119D0BF9E0089D7D7 /* Frameworks */ = {
			isa = PBXGroup;
			children = (
				9E98F2B219E464C3001282F9 /* SystemConfiguration.framework */,
				9E98F2B019E464B8001282F9 /* StoreKit.framework */,
				9E98F2AE19E464AE001282F9 /* Security.framework */,
				9E98F2AC19E464A4001282F9 /* QuartzCore.framework */,
				9E98F2AA19E46499001282F9 /* MobileCoreServices.framework */,
				9E98F2A819E4648E001282F9 /* libz.dylib */,
				9E98F2A619E46480001282F9 /* CoreLocation.framework */,
				9E98F2A419E4646F001282F9 /* CFNetwork.framework */,
				9E98F2A219E46466001282F9 /* AudioToolbox.framework */,
				9E98F29E19E46430001282F9 /* Bolts.framework */,
				9E98F29F19E46430001282F9 /* Parse.framework */,
				9EAA21D219D0BF9E0089D7D7 /* Foundation.framework */,
				9EAA21D419D0BF9E0089D7D7 /* CoreGraphics.framework */,
				9EAA21D619D0BF9E0089D7D7 /* UIKit.framework */,
				9EAA21F119D0BF9E0089D7D7 /* XCTest.framework */,
			);
			name = Frameworks;
			sourceTree = "<group>";
		};
		9EAA21D819D0BF9E0089D7D7 /* DevAgent */ = {
			isa = PBXGroup;
			children = (
				9EAA21E119D0BF9E0089D7D7 /* GVAppDelegate.h */,
				9EAA21E219D0BF9E0089D7D7 /* GVAppDelegate.m */,
				9EAA229C19D3658D0089D7D7 /* GVHTTPCommunication.h */,
				9EAA229D19D3658D0089D7D7 /* GVHTTPCommunication.m */,
				9EAA21E419D0BF9E0089D7D7 /* Main.storyboard */,
				9EAA21E719D0BF9E0089D7D7 /* GVViewController.h */,
				9EAA21E819D0BF9E0089D7D7 /* GVViewController.m */,
				9EAA21EA19D0BF9E0089D7D7 /* Images.xcassets */,
				9EAA21D919D0BF9E0089D7D7 /* Supporting Files */,
			);
			name = DevAgent;
			path = DevAgent2;
			sourceTree = "<group>";
		};
		9EAA21D919D0BF9E0089D7D7 /* Supporting Files */ = {
			isa = PBXGroup;
			children = (
				9EAA21DA19D0BF9E0089D7D7 /* DevAgent-Info.plist */,
				9EAA21DB19D0BF9E0089D7D7 /* InfoPlist.strings */,
				9EAA21DE19D0BF9E0089D7D7 /* main.m */,
				9EAA21E019D0BF9E0089D7D7 /* DevAgent-Prefix.pch */,
			);
			name = "Supporting Files";
			sourceTree = "<group>";
		};
		9EAA21F719D0BF9E0089D7D7 /* DevAgent2Tests */ = {
			isa = PBXGroup;
			children = (
				9EAA21FD19D0BF9E0089D7D7 /* DevAgent2Tests.m */,
				9EAA21F819D0BF9E0089D7D7 /* Supporting Files */,
			);
			path = DevAgent2Tests;
			sourceTree = "<group>";
		};
		9EAA21F819D0BF9E0089D7D7 /* Supporting Files */ = {
			isa = PBXGroup;
			children = (
				9EAA21F919D0BF9E0089D7D7 /* DevAgentTests-Info.plist */,
				9EAA21FA19D0BF9E0089D7D7 /* InfoPlist.strings */,
			);
			name = "Supporting Files";
			sourceTree = "<group>";
		};
/* End PBXGroup section */

/* Begin PBXNativeTarget section */
		9EAA21CE19D0BF9E0089D7D7 /* DevAgent */ = {
			isa = PBXNativeTarget;
			buildConfigurationList = 9EAA220119D0BF9E0089D7D7 /* Build configuration list for PBXNativeTarget "DevAgent" */;
			buildPhases = (
				9EAA21CB19D0BF9E0089D7D7 /* Sources */,
				9EAA21CC19D0BF9E0089D7D7 /* Frameworks */,
				9EAA21CD19D0BF9E0089D7D7 /* Resources */,
			);
			buildRules = (
			);
			dependencies = (
			);
			name = DevAgent;
			productName = DevAgent2;
			productReference = 9EAA21CF19D0BF9E0089D7D7 /* DevAgent.app */;
			productType = "com.apple.product-type.application";
		};
		9EAA21EF19D0BF9E0089D7D7 /* DevAgentTests */ = {
			isa = PBXNativeTarget;
			buildConfigurationList = 9EAA220419D0BF9E0089D7D7 /* Build configuration list for PBXNativeTarget "DevAgentTests" */;
			buildPhases = (
				9EAA21EC19D0BF9E0089D7D7 /* Sources */,
				9EAA21ED19D0BF9E0089D7D7 /* Frameworks */,
				9EAA21EE19D0BF9E0089D7D7 /* Resources */,
			);
			buildRules = (
			);
			dependencies = (
				9EAA21F619D0BF9E0089D7D7 /* PBXTargetDependency */,
			);
			name = DevAgentTests;
			productName = DevAgent2Tests;
			productReference = 9EAA21F019D0BF9E0089D7D7 /* DevAgentTests.xctest */;
			productType = "com.apple.product-type.bundle.unit-test";
		};
/* End PBXNativeTarget section */

/* Begin PBXProject section */
		9EAA21C719D0BF9E0089D7D7 /* Project object */ = {
			isa = PBXProject;
			attributes = {
				CLASSPREFIX = GV;
				LastUpgradeCheck = 0510;
				ORGANIZATIONNAME = "Jonathan Engelsma";
				TargetAttributes = {
					9EAA21EF19D0BF9E0089D7D7 = {
						TestTargetID = 9EAA21CE19D0BF9E0089D7D7;
					};
				};
			};
			buildConfigurationList = 9EAA21CA19D0BF9E0089D7D7 /* Build configuration list for PBXProject "DevAgent" */;
			compatibilityVersion = "Xcode 3.2";
			developmentRegion = English;
			hasScannedForEncodings = 0;
			knownRegions = (
				en,
				Base,
			);
			mainGroup = 9EAA21C619D0BF9E0089D7D7;
			productRefGroup = 9EAA21D019D0BF9E0089D7D7 /* Products */;
			projectDirPath = "";
			projectRoot = "";
			targets = (
				9EAA21CE19D0BF9E0089D7D7 /* DevAgent */,
				9EAA21EF19D0BF9E0089D7D7 /* DevAgentTests */,
			);
		};
/* End PBXProject section */

/* Begin PBXResourcesBuildPhase section */
		9EAA21CD19D0BF9E0089D7D7 /* Resources */ = {
			isa = PBXResourcesBuildPhase;
			buildActionMask = 2147483647;
			files = (
				9EAA21EB19D0BF9E0089D7D7 /* Images.xcassets in Resources */,
				9EAA21DD19D0BF9E0089D7D7 /* InfoPlist.strings in Resources */,
				9EAA21E619D0BF9E0089D7D7 /* Main.storyboard in Resources */,
			);
			runOnlyForDeploymentPostprocessing = 0;
		};
		9EAA21EE19D0BF9E0089D7D7 /* Resources */ = {
			isa = PBXResourcesBuildPhase;
			buildActionMask = 2147483647;
			files = (
				9EAA21FC19D0BF9E0089D7D7 /* InfoPlist.strings in Resources */,
			);
			runOnlyForDeploymentPostprocessing = 0;
		};
/* End PBXResourcesBuildPhase section */

/* Begin PBXSourcesBuildPhase section */
		9EAA21CB19D0BF9E0089D7D7 /* Sources */ = {
			isa = PBXSourcesBuildPhase;
			buildActionMask = 2147483647;
			files = (
				9EAA21DF19D0BF9E0089D7D7 /* main.m in Sources */,
				9EAA21E919D0BF9E0089D7D7 /* GVViewController.m in Sources */,
				9EAA21E319D0BF9E0089D7D7 /* GVAppDelegate.m in Sources */,
				9EAA229E19D3658D0089D7D7 /* GVHTTPCommunication.m in Sources */,
			);
			runOnlyForDeploymentPostprocessing = 0;
		};
		9EAA21EC19D0BF9E0089D7D7 /* Sources */ = {
			isa = PBXSourcesBuildPhase;
			buildActionMask = 2147483647;
			files = (
				9EAA21FE19D0BF9E0089D7D7 /* DevAgent2Tests.m in Sources */,
			);
			runOnlyForDeploymentPostprocessing = 0;
		};
/* End PBXSourcesBuildPhase section */

/* Begin PBXTargetDependency section */
		9EAA21F619D0BF9E0089D7D7 /* PBXTargetDependency */ = {
			isa = PBXTargetDependency;
			target = 9EAA21CE19D0BF9E0089D7D7 /* DevAgent */;
			targetProxy = 9EAA21F519D0BF9E0089D7D7 /* PBXContainerItemProxy */;
		};
/* End PBXTargetDependency section */

/* Begin PBXVariantGroup section */
		9EAA21DB19D0BF9E0089D7D7 /* InfoPlist.strings */ = {
			isa = PBXVariantGroup;
			children = (
				9EAA21DC19D0BF9E0089D7D7 /* en */,
			);
			name = InfoPlist.strings;
			sourceTree = "<group>";
		};
		9EAA21E419D0BF9E0089D7D7 /* Main.storyboard */ = {
			isa = PBXVariantGroup;
			children = (
				9EAA21E519D0BF9E0089D7D7 /* Base */,
			);
			name = Main.storyboard;
			sourceTree = "<group>";
		};
		9EAA21FA19D0BF9E0089D7D7 /* InfoPlist.strings */ = {
			isa = PBXVariantGroup;
			children = (
				9EAA21FB19D0BF9E0089D7D7 /* en */,
			);
			name = InfoPlist.strings;
			sourceTree = "<group>";
		};
/* End PBXVariantGroup section */

/* Begin XCBuildConfiguration section */
		9EAA21FF19D0BF9E0089D7D7 /* Debug */ = {
			isa = XCBuildConfiguration;
			buildSettings = {
				ALWAYS_SEARCH_USER_PATHS = NO;
				CLANG_CXX_LANGUAGE_STANDARD = "gnu++0x";
				CLANG_CXX_LIBRARY = "libc++";
				CLANG_ENABLE_MODULES = YES;
				CLANG_ENABLE_OBJC_ARC = YES;
				CLANG_WARN_BOOL_CONVERSION = YES;
				CLANG_WARN_CONSTANT_CONVERSION = YES;
				CLANG_WARN_DIRECT_OBJC_ISA_USAGE = YES_ERROR;
				CLANG_WARN_EMPTY_BODY = YES;
				CLANG_WARN_ENUM_CONVERSION = YES;
				CLANG_WARN_INT_CONVERSION = YES;
				CLANG_WARN_OBJC_ROOT_CLASS = YES_ERROR;
				CLANG_WARN__DUPLICATE_METHOD_MATCH = YES;
				"CODE_SIGN_IDENTITY[sdk=iphoneos*]" = "iPhone Developer";
				COPY_PHASE_STRIP = NO;
				GCC_C_LANGUAGE_STANDARD = gnu99;
				GCC_DYNAMIC_NO_PIC = NO;
				GCC_OPTIMIZATION_LEVEL = 0;
				GCC_PREPROCESSOR_DEFINITIONS = (
					"DEBUG=1",
					"$(inherited)",
				);
				GCC_SYMBOLS_PRIVATE_EXTERN = NO;
				GCC_WARN_64_TO_32_BIT_CONVERSION = YES;
				GCC_WARN_ABOUT_RETURN_TYPE = YES_ERROR;
				GCC_WARN_UNDECLARED_SELECTOR = YES;
				GCC_WARN_UNINITIALIZED_AUTOS = YES_AGGRESSIVE;
				GCC_WARN_UNUSED_FUNCTION = YES;
				GCC_WARN_UNUSED_VARIABLE = YES;
				IPHONEOS_DEPLOYMENT_TARGET = 7.1;
				ONLY_ACTIVE_ARCH = YES;
				SDKROOT = iphoneos;
			};
			name = Debug;
		};
		9EAA220019D0BF9E0089D7D7 /* Release */ = {
			isa = XCBuildConfiguration;
			buildSettings = {
				ALWAYS_SEARCH_USER_PATHS = NO;
				CLANG_CXX_LANGUAGE_STANDARD = "gnu++0x";
				CLANG_CXX_LIBRARY = "libc++";
				CLANG_ENABLE_MODULES = YES;
				CLANG_ENABLE_OBJC_ARC = YES;
				CLANG_WARN_BOOL_CONVERSION = YES;
				CLANG_WARN_CONSTANT_CONVERSION = YES;
				CLANG_WARN_DIRECT_OBJC_ISA_USAGE = YES_ERROR;
				CLANG_WARN_EMPTY_BODY = YES;
				CLANG_WARN_ENUM_CONVERSION = YES;
				CLANG_WARN_INT_CONVERSION = YES;
				CLANG_WARN_OBJC_ROOT_CLASS = YES_ERROR;
				CLANG_WARN__DUPLICATE_METHOD_MATCH = YES;
				"CODE_SIGN_IDENTITY[sdk=iphoneos*]" = "iPhone Developer";
				COPY_PHASE_STRIP = YES;
				ENABLE_NS_ASSERTIONS = NO;
				GCC_C_LANGUAGE_STANDARD = gnu99;
				GCC_WARN_64_TO_32_BIT_CONVERSION = YES;
				GCC_WARN_ABOUT_RETURN_TYPE = YES_ERROR;
				GCC_WARN_UNDECLARED_SELECTOR = YES;
				GCC_WARN_UNINITIALIZED_AUTOS = YES_AGGRESSIVE;
				GCC_WARN_UNUSED_FUNCTION = YES;
				GCC_WARN_UNUSED_VARIABLE = YES;
				IPHONEOS_DEPLOYMENT_TARGET = 7.1;
				SDKROOT = iphoneos;
				VALIDATE_PRODUCT = YES;
			};
			name = Release;
		};
		9EAA220219D0BF9E0089D7D7 /* Debug */ = {
			isa = XCBuildConfiguration;
			buildSettings = {
				ASSETCATALOG_COMPILER_APPICON_NAME = AppIcon;
				ASSETCATALOG_COMPILER_LAUNCHIMAGE_NAME = LaunchImage;
				CODE_SIGN_IDENTITY = "iPhone Developer: Jonathan Engelsma (WDZPUVS2W7)";
				FRAMEWORK_SEARCH_PATHS = (
					"$(inherited)",
					"$(PROJECT_DIR)",
				);
				GCC_PRECOMPILE_PREFIX_HEADER = YES;
				GCC_PREFIX_HEADER = "DevAgent2/DevAgent-Prefix.pch";
				INFOPLIST_FILE = "DevAgent2/DevAgent-Info.plist";
				PRODUCT_NAME = DevAgent;
				PROVISIONING_PROFILE = "90baa7cb-d1a2-410b-9efc-5f330daffd57";
				WRAPPER_EXTENSION = app;
			};
			name = Debug;
		};
		9EAA220319D0BF9E0089D7D7 /* Release */ = {
			isa = XCBuildConfiguration;
			buildSettings = {
				ASSETCATALOG_COMPILER_APPICON_NAME = AppIcon;
				ASSETCATALOG_COMPILER_LAUNCHIMAGE_NAME = LaunchImage;
				CODE_SIGN_IDENTITY = "iPhone Developer: Jonathan Engelsma (WDZPUVS2W7)";
				FRAMEWORK_SEARCH_PATHS = (
					"$(inherited)",
					"$(PROJECT_DIR)",
				);
				GCC_PRECOMPILE_PREFIX_HEADER = YES;
				GCC_PREFIX_HEADER = "DevAgent2/DevAgent-Prefix.pch";
				INFOPLIST_FILE = "DevAgent2/DevAgent-Info.plist";
				PRODUCT_NAME = DevAgent;
				PROVISIONING_PROFILE = "90baa7cb-d1a2-410b-9efc-5f330daffd57";
				WRAPPER_EXTENSION = app;
			};
			name = Release;
		};
		9EAA220519D0BF9E0089D7D7 /* Debug */ = {
			isa = XCBuildConfiguration;
			buildSettings = {
				BUNDLE_LOADER = "$(BUILT_PRODUCTS_DIR)/DevAgent2.app/DevAgent2";
				FRAMEWORK_SEARCH_PATHS = (
					"$(SDKROOT)/Developer/Library/Frameworks",
					"$(inherited)",
					"$(DEVELOPER_FRAMEWORKS_DIR)",
				);
				GCC_PRECOMPILE_PREFIX_HEADER = YES;
				GCC_PREFIX_HEADER = "DevAgent2/DevAgent2-Prefix.pch";
				GCC_PREPROCESSOR_DEFINITIONS = (
					"DEBUG=1",
					"$(inherited)",
				);
				INFOPLIST_FILE = "DevAgent2Tests/DevAgentTests-Info.plist";
				PRODUCT_NAME = DevAgentTests;
				TEST_HOST = "$(BUNDLE_LOADER)";
				WRAPPER_EXTENSION = xctest;
			};
			name = Debug;
		};
		9EAA220619D0BF9E0089D7D7 /* Release */ = {
			isa = XCBuildConfiguration;
			buildSettings = {
				BUNDLE_LOADER = "$(BUILT_PRODUCTS_DIR)/DevAgent2.app/DevAgent2";
				FRAMEWORK_SEARCH_PATHS = (
					"$(SDKROOT)/Developer/Library/Frameworks",
					"$(inherited)",
					"$(DEVELOPER_FRAMEWORKS_DIR)",
				);
				GCC_PRECOMPILE_PREFIX_HEADER = YES;
				GCC_PREFIX_HEADER = "DevAgent2/DevAgent2-Prefix.pch";
				INFOPLIST_FILE = "DevAgent2Tests/DevAgentTests-Info.plist";
				PRODUCT_NAME = DevAgentTests;
				TEST_HOST = "$(BUNDLE_LOADER)";
				WRAPPER_EXTENSION = xctest;
			};
			name = Release;
		};
/* End XCBuildConfiguration section */

/* Begin XCConfigurationList section */
		9EAA21CA19D0BF9E0089D7D7 /* Build configuration list for PBXProject "DevAgent" */ = {
			isa = XCConfigurationList;
			buildConfigurations = (
				9EAA21FF19D0BF9E0089D7D7 /* Debug */,
				9EAA220019D0BF9E0089D7D7 /* Release */,
			);
			defaultConfigurationIsVisible = 0;
			defaultConfigurationName = Release;
		};
		9EAA220119D0BF9E0089D7D7 /* Build configuration list for PBXNativeTarget "DevAgent" */ = {
			isa = XCConfigurationList;
			buildConfigurations = (
				9EAA220219D0BF9E0089D7D7 /* Debug */,
				9EAA220319D0BF9E0089D7D7 /* Release */,
			);
			defaultConfigurationIsVisible = 0;
			defaultConfigurationName = Release;
		};
		9EAA220419D0BF9E0089D7D7 /* Build configuration list for PBXNativeTarget "DevAgentTests" */ = {
			isa = XCConfigurationList;
			buildConfigurations = (
				9EAA220519D0BF9E0089D7D7 /* Debug */,
				9EAA220619D0BF9E0089D7D7 /* Release */,
			);
			defaultConfigurationIsVisible = 0;
			defaultConfigurationName = Release;
		};
/* End XCConfigurationList section */
	};
	rootObject = 9EAA21C719D0BF9E0089D7D7 /* Project object */;
}
